// !$*UTF8*$!
{
	archiveVersion = 1;
	classes = {
	};
	objectVersion = 52;
	objects = {

/* Begin PBXBuildFile section */
		7C69F9CED7A8BD87B17030E0 /* Pods_DoroffM_FinalProject.framework in Frameworks */ = {isa = PBXBuildFile; fileRef = 5233014DCF64FB78C611B7FF /* Pods_DoroffM_FinalProject.framework */; };
		9214C3C0265D9C2F00BD033C /* JGProgressHUD in Frameworks */ = {isa = PBXBuildFile; productRef = 9214C3BF265D9C2F00BD033C /* JGProgressHUD */; };
		924CC693263F0D8B00BC320A /* AppDelegate.swift in Sources */ = {isa = PBXBuildFile; fileRef = 924CC692263F0D8B00BC320A /* AppDelegate.swift */; };
		924CC695263F0D8B00BC320A /* SceneDelegate.swift in Sources */ = {isa = PBXBuildFile; fileRef = 924CC694263F0D8B00BC320A /* SceneDelegate.swift */; };
		924CC697263F0D8B00BC320A /* HomeController.swift in Sources */ = {isa = PBXBuildFile; fileRef = 924CC696263F0D8B00BC320A /* HomeController.swift */; };
		924CC69A263F0D8B00BC320A /* Main.storyboard in Resources */ = {isa = PBXBuildFile; fileRef = 924CC698263F0D8B00BC320A /* Main.storyboard */; };
		924CC69C263F0D9200BC320A /* Assets.xcassets in Resources */ = {isa = PBXBuildFile; fileRef = 924CC69B263F0D9200BC320A /* Assets.xcassets */; };
		924CC69F263F0D9200BC320A /* LaunchScreen.storyboard in Resources */ = {isa = PBXBuildFile; fileRef = 924CC69D263F0D9200BC320A /* LaunchScreen.storyboard */; };
		92504767265C1DB900BFFDF7 /* DemoMovieTableViewController.swift in Sources */ = {isa = PBXBuildFile; fileRef = 92504766265C1DB900BFFDF7 /* DemoMovieTableViewController.swift */; };
		925BAD2C265AF8990088D898 /* Constants.swift in Sources */ = {isa = PBXBuildFile; fileRef = 925BAD2B265AF8990088D898 /* Constants.swift */; };
		925BAD2E265AF8D90088D898 /* MovieInputController.swift in Sources */ = {isa = PBXBuildFile; fileRef = 925BAD2D265AF8D90088D898 /* MovieInputController.swift */; };
		925BAD31265B045F0088D898 /* LBTATools in Frameworks */ = {isa = PBXBuildFile; productRef = 925BAD30265B045F0088D898 /* LBTATools */; };
		928EA0A0265B40CE0050302C /* GoogleService-Info.plist in Resources */ = {isa = PBXBuildFile; fileRef = 928EA09F265B40CD0050302C /* GoogleService-Info.plist */; };
/* End PBXBuildFile section */

/* Begin PBXFileReference section */
		5233014DCF64FB78C611B7FF /* Pods_DoroffM_FinalProject.framework */ = {isa = PBXFileReference; explicitFileType = wrapper.framework; includeInIndex = 0; path = Pods_DoroffM_FinalProject.framework; sourceTree = BUILT_PRODUCTS_DIR; };
		5F7ADABD589ACEDCA13A36BC /* Pods-DoroffM_FinalProject.release.xcconfig */ = {isa = PBXFileReference; includeInIndex = 1; lastKnownFileType = text.xcconfig; name = "Pods-DoroffM_FinalProject.release.xcconfig"; path = "Target Support Files/Pods-DoroffM_FinalProject/Pods-DoroffM_FinalProject.release.xcconfig"; sourceTree = "<group>"; };
		76828EE04634DD64A7EBB6C9 /* Pods-DoroffM_FinalProject.debug.xcconfig */ = {isa = PBXFileReference; includeInIndex = 1; lastKnownFileType = text.xcconfig; name = "Pods-DoroffM_FinalProject.debug.xcconfig"; path = "Target Support Files/Pods-DoroffM_FinalProject/Pods-DoroffM_FinalProject.debug.xcconfig"; sourceTree = "<group>"; };
		924CC68F263F0D8B00BC320A /* DoroffM_FinalProject.app */ = {isa = PBXFileReference; explicitFileType = wrapper.application; includeInIndex = 0; path = DoroffM_FinalProject.app; sourceTree = BUILT_PRODUCTS_DIR; };
		924CC692263F0D8B00BC320A /* AppDelegate.swift */ = {isa = PBXFileReference; lastKnownFileType = sourcecode.swift; path = AppDelegate.swift; sourceTree = "<group>"; };
		924CC694263F0D8B00BC320A /* SceneDelegate.swift */ = {isa = PBXFileReference; lastKnownFileType = sourcecode.swift; path = SceneDelegate.swift; sourceTree = "<group>"; };
		924CC696263F0D8B00BC320A /* HomeController.swift */ = {isa = PBXFileReference; lastKnownFileType = sourcecode.swift; path = HomeController.swift; sourceTree = "<group>"; };
		924CC699263F0D8B00BC320A /* Base */ = {isa = PBXFileReference; lastKnownFileType = file.storyboard; name = Base; path = Base.lproj/Main.storyboard; sourceTree = "<group>"; };
		924CC69B263F0D9200BC320A /* Assets.xcassets */ = {isa = PBXFileReference; lastKnownFileType = folder.assetcatalog; path = Assets.xcassets; sourceTree = "<group>"; };
		924CC69E263F0D9200BC320A /* Base */ = {isa = PBXFileReference; lastKnownFileType = file.storyboard; name = Base; path = Base.lproj/LaunchScreen.storyboard; sourceTree = "<group>"; };
		924CC6A0263F0D9200BC320A /* Info.plist */ = {isa = PBXFileReference; lastKnownFileType = text.plist.xml; path = Info.plist; sourceTree = "<group>"; };
		92504766265C1DB900BFFDF7 /* DemoMovieTableViewController.swift */ = {isa = PBXFileReference; lastKnownFileType = sourcecode.swift; path = DemoMovieTableViewController.swift; sourceTree = "<group>"; };
		925BAD2B265AF8990088D898 /* Constants.swift */ = {isa = PBXFileReference; lastKnownFileType = sourcecode.swift; path = Constants.swift; sourceTree = "<group>"; };
		925BAD2D265AF8D90088D898 /* MovieInputController.swift */ = {isa = PBXFileReference; lastKnownFileType = sourcecode.swift; path = MovieInputController.swift; sourceTree = "<group>"; };
		928EA09F265B40CD0050302C /* GoogleService-Info.plist */ = {isa = PBXFileReference; fileEncoding = 4; lastKnownFileType = text.plist.xml; path = "GoogleService-Info.plist"; sourceTree = "<group>"; };
/* End PBXFileReference section */

/* Begin PBXFrameworksBuildPhase section */
		924CC68C263F0D8B00BC320A /* Frameworks */ = {
			isa = PBXFrameworksBuildPhase;
			buildActionMask = 2147483647;
			files = (
				7C69F9CED7A8BD87B17030E0 /* Pods_DoroffM_FinalProject.framework in Frameworks */,
				9214C3C0265D9C2F00BD033C /* JGProgressHUD in Frameworks */,
				925BAD31265B045F0088D898 /* LBTATools in Frameworks */,
			);
			runOnlyForDeploymentPostprocessing = 0;
		};
/* End PBXFrameworksBuildPhase section */

/* Begin PBXGroup section */
		924C8DAC2657EDC6008DCC19 /* ViewControllers */ = {
			isa = PBXGroup;
			children = (
				924CC696263F0D8B00BC320A /* HomeController.swift */,
				925BAD2D265AF8D90088D898 /* MovieInputController.swift */,
				92504766265C1DB900BFFDF7 /* DemoMovieTableViewController.swift */,
			);
			path = ViewControllers;
			sourceTree = "<group>";
		};
		924C8DAD2657EDD0008DCC19 /* HelperFiles */ = {
			isa = PBXGroup;
			children = (
				924CC69B263F0D9200BC320A /* Assets.xcassets */,
				924CC69D263F0D9200BC320A /* LaunchScreen.storyboard */,
				924CC698263F0D8B00BC320A /* Main.storyboard */,
				924CC694263F0D8B00BC320A /* SceneDelegate.swift */,
				924CC692263F0D8B00BC320A /* AppDelegate.swift */,
			);
			path = HelperFiles;
			sourceTree = "<group>";
		};
		924CC686263F0D8B00BC320A = {
			isa = PBXGroup;
			children = (
				924CC691263F0D8B00BC320A /* DoroffM_FinalProject */,
				924CC690263F0D8B00BC320A /* Products */,
				F74831EBCA0DD5D69DCCF7B8 /* Pods */,
				BFC128F37338287651CCD8E3 /* Frameworks */,
			);
			sourceTree = "<group>";
		};
		924CC690263F0D8B00BC320A /* Products */ = {
			isa = PBXGroup;
			children = (
				924CC68F263F0D8B00BC320A /* DoroffM_FinalProject.app */,
			);
			name = Products;
			sourceTree = "<group>";
		};
		924CC691263F0D8B00BC320A /* DoroffM_FinalProject */ = {
			isa = PBXGroup;
			children = (
				928EA09F265B40CD0050302C /* GoogleService-Info.plist */,
				924CC6A0263F0D9200BC320A /* Info.plist */,
				925BAD2A265AF8860088D898 /* Constants */,
				924C8DAD2657EDD0008DCC19 /* HelperFiles */,
				924C8DAC2657EDC6008DCC19 /* ViewControllers */,
			);
			path = DoroffM_FinalProject;
			sourceTree = "<group>";
		};
		925BAD2A265AF8860088D898 /* Constants */ = {
			isa = PBXGroup;
			children = (
				925BAD2B265AF8990088D898 /* Constants.swift */,
			);
			path = Constants;
			sourceTree = "<group>";
		};
		BFC128F37338287651CCD8E3 /* Frameworks */ = {
			isa = PBXGroup;
			children = (
				5233014DCF64FB78C611B7FF /* Pods_DoroffM_FinalProject.framework */,
			);
			name = Frameworks;
			sourceTree = "<group>";
		};
		F74831EBCA0DD5D69DCCF7B8 /* Pods */ = {
			isa = PBXGroup;
			children = (
				76828EE04634DD64A7EBB6C9 /* Pods-DoroffM_FinalProject.debug.xcconfig */,
				5F7ADABD589ACEDCA13A36BC /* Pods-DoroffM_FinalProject.release.xcconfig */,
			);
			path = Pods;
			sourceTree = "<group>";
		};
/* End PBXGroup section */

/* Begin PBXNativeTarget section */
		924CC68E263F0D8B00BC320A /* DoroffM_FinalProject */ = {
			isa = PBXNativeTarget;
			buildConfigurationList = 924CC6A3263F0D9200BC320A /* Build configuration list for PBXNativeTarget "DoroffM_FinalProject" */;
			buildPhases = (
				0D51C6BDCD821CA7B7659788 /* [CP] Check Pods Manifest.lock */,
				924CC68B263F0D8B00BC320A /* Sources */,
				924CC68C263F0D8B00BC320A /* Frameworks */,
				924CC68D263F0D8B00BC320A /* Resources */,
				8B84F6BEF9367B309C17863C /* [CP] Embed Pods Frameworks */,
			);
			buildRules = (
			);
			dependencies = (
			);
			name = DoroffM_FinalProject;
			packageProductDependencies = (
				925BAD30265B045F0088D898 /* LBTATools */,
				9214C3BF265D9C2F00BD033C /* JGProgressHUD */,
			);
			productName = DoroffM_FinalProject;
			productReference = 924CC68F263F0D8B00BC320A /* DoroffM_FinalProject.app */;
			productType = "com.apple.product-type.application";
		};
/* End PBXNativeTarget section */

/* Begin PBXProject section */
		924CC687263F0D8B00BC320A /* Project object */ = {
			isa = PBXProject;
			attributes = {
				LastSwiftUpdateCheck = 1250;
				LastUpgradeCheck = 1250;
				TargetAttributes = {
					924CC68E263F0D8B00BC320A = {
						CreatedOnToolsVersion = 12.5;
					};
				};
			};
			buildConfigurationList = 924CC68A263F0D8B00BC320A /* Build configuration list for PBXProject "DoroffM_FinalProject" */;
			compatibilityVersion = "Xcode 9.3";
			developmentRegion = en;
			hasScannedForEncodings = 0;
			knownRegions = (
				en,
				Base,
			);
			mainGroup = 924CC686263F0D8B00BC320A;
			packageReferences = (
				925BAD2F265B045F0088D898 /* XCRemoteSwiftPackageReference "LBTATools" */,
				9214C3BE265D9C2F00BD033C /* XCRemoteSwiftPackageReference "JGProgressHUD" */,
			);
			productRefGroup = 924CC690263F0D8B00BC320A /* Products */;
			projectDirPath = "";
			projectRoot = "";
			targets = (
				924CC68E263F0D8B00BC320A /* DoroffM_FinalProject */,
			);
		};
/* End PBXProject section */

/* Begin PBXResourcesBuildPhase section */
		924CC68D263F0D8B00BC320A /* Resources */ = {
			isa = PBXResourcesBuildPhase;
			buildActionMask = 2147483647;
			files = (
				924CC69F263F0D9200BC320A /* LaunchScreen.storyboard in Resources */,
				928EA0A0265B40CE0050302C /* GoogleService-Info.plist in Resources */,
				924CC69C263F0D9200BC320A /* Assets.xcassets in Resources */,
				924CC69A263F0D8B00BC320A /* Main.storyboard in Resources */,
			);
			runOnlyForDeploymentPostprocessing = 0;
		};
/* End PBXResourcesBuildPhase section */

/* Begin PBXShellScriptBuildPhase section */
		0D51C6BDCD821CA7B7659788 /* [CP] Check Pods Manifest.lock */ = {
			isa = PBXShellScriptBuildPhase;
			buildActionMask = 2147483647;
			files = (
			);
			inputFileListPaths = (
			);
			inputPaths = (
				"${PODS_PODFILE_DIR_PATH}/Podfile.lock",
				"${PODS_ROOT}/Manifest.lock",
			);
			name = "[CP] Check Pods Manifest.lock";
			outputFileListPaths = (
			);
			outputPaths = (
				"$(DERIVED_FILE_DIR)/Pods-DoroffM_FinalProject-checkManifestLockResult.txt",
			);
			runOnlyForDeploymentPostprocessing = 0;
			shellPath = /bin/sh;
			shellScript = "diff \"${PODS_PODFILE_DIR_PATH}/Podfile.lock\" \"${PODS_ROOT}/Manifest.lock\" > /dev/null\nif [ $? != 0 ] ; then\n    # print error to STDERR\n    echo \"error: The sandbox is not in sync with the Podfile.lock. Run 'pod install' or update your CocoaPods installation.\" >&2\n    exit 1\nfi\n# This output is used by Xcode 'outputs' to avoid re-running this script phase.\necho \"SUCCESS\" > \"${SCRIPT_OUTPUT_FILE_0}\"\n";
			showEnvVarsInLog = 0;
		};
		8B84F6BEF9367B309C17863C /* [CP] Embed Pods Frameworks */ = {
			isa = PBXShellScriptBuildPhase;
			buildActionMask = 2147483647;
			files = (
			);
			inputFileListPaths = (
				"${PODS_ROOT}/Target Support Files/Pods-DoroffM_FinalProject/Pods-DoroffM_FinalProject-frameworks-${CONFIGURATION}-input-files.xcfilelist",
			);
			name = "[CP] Embed Pods Frameworks";
			outputFileListPaths = (
				"${PODS_ROOT}/Target Support Files/Pods-DoroffM_FinalProject/Pods-DoroffM_FinalProject-frameworks-${CONFIGURATION}-output-files.xcfilelist",
			);
			runOnlyForDeploymentPostprocessing = 0;
			shellPath = /bin/sh;
			shellScript = "\"${PODS_ROOT}/Target Support Files/Pods-DoroffM_FinalProject/Pods-DoroffM_FinalProject-frameworks.sh\"\n";
			showEnvVarsInLog = 0;
		};
/* End PBXShellScriptBuildPhase section */

/* Begin PBXSourcesBuildPhase section */
		924CC68B263F0D8B00BC320A /* Sources */ = {
			isa = PBXSourcesBuildPhase;
			buildActionMask = 2147483647;
			files = (
				924CC697263F0D8B00BC320A /* HomeController.swift in Sources */,
				925BAD2E265AF8D90088D898 /* MovieInputController.swift in Sources */,
				924CC693263F0D8B00BC320A /* AppDelegate.swift in Sources */,
				924CC695263F0D8B00BC320A /* SceneDelegate.swift in Sources */,
				925BAD2C265AF8990088D898 /* Constants.swift in Sources */,
				92504767265C1DB900BFFDF7 /* DemoMovieTableViewController.swift in Sources */,
			);
			runOnlyForDeploymentPostprocessing = 0;
		};
/* End PBXSourcesBuildPhase section */

/* Begin PBXVariantGroup section */
		924CC698263F0D8B00BC320A /* Main.storyboard */ = {
			isa = PBXVariantGroup;
			children = (
				924CC699263F0D8B00BC320A /* Base */,
			);
			name = Main.storyboard;
			sourceTree = "<group>";
		};
		924CC69D263F0D9200BC320A /* LaunchScreen.storyboard */ = {
			isa = PBXVariantGroup;
			children = (
				924CC69E263F0D9200BC320A /* Base */,
			);
			name = LaunchScreen.storyboard;
			sourceTree = "<group>";
		};
/* End PBXVariantGroup section */

/* Begin XCBuildConfiguration section */
		924CC6A1263F0D9200BC320A /* Debug */ = {
			isa = XCBuildConfiguration;
			buildSettings = {
				ALWAYS_SEARCH_USER_PATHS = NO;
				CLANG_ANALYZER_NONNULL = YES;
				CLANG_ANALYZER_NUMBER_OBJECT_CONVERSION = YES_AGGRESSIVE;
				CLANG_CXX_LANGUAGE_STANDARD = "gnu++14";
				CLANG_CXX_LIBRARY = "libc++";
				CLANG_ENABLE_MODULES = YES;
				CLANG_ENABLE_OBJC_ARC = YES;
				CLANG_ENABLE_OBJC_WEAK = YES;
				CLANG_WARN_BLOCK_CAPTURE_AUTORELEASING = YES;
				CLANG_WARN_BOOL_CONVERSION = YES;
				CLANG_WARN_COMMA = YES;
				CLANG_WARN_CONSTANT_CONVERSION = YES;
				CLANG_WARN_DEPRECATED_OBJC_IMPLEMENTATIONS = YES;
				CLANG_WARN_DIRECT_OBJC_ISA_USAGE = YES_ERROR;
				CLANG_WARN_DOCUMENTATION_COMMENTS = YES;
				CLANG_WARN_EMPTY_BODY = YES;
				CLANG_WARN_ENUM_CONVERSION = YES;
				CLANG_WARN_INFINITE_RECURSION = YES;
				CLANG_WARN_INT_CONVERSION = YES;
				CLANG_WARN_NON_LITERAL_NULL_CONVERSION = YES;
				CLANG_WARN_OBJC_IMPLICIT_RETAIN_SELF = YES;
				CLANG_WARN_OBJC_LITERAL_CONVERSION = YES;
				CLANG_WARN_OBJC_ROOT_CLASS = YES_ERROR;
				CLANG_WARN_QUOTED_INCLUDE_IN_FRAMEWORK_HEADER = YES;
				CLANG_WARN_RANGE_LOOP_ANALYSIS = YES;
				CLANG_WARN_STRICT_PROTOTYPES = YES;
				CLANG_WARN_SUSPICIOUS_MOVE = YES;
				CLANG_WARN_UNGUARDED_AVAILABILITY = YES_AGGRESSIVE;
				CLANG_WARN_UNREACHABLE_CODE = YES;
				CLANG_WARN__DUPLICATE_METHOD_MATCH = YES;
				COPY_PHASE_STRIP = NO;
				DEBUG_INFORMATION_FORMAT = dwarf;
				ENABLE_STRICT_OBJC_MSGSEND = YES;
				ENABLE_TESTABILITY = YES;
				GCC_C_LANGUAGE_STANDARD = gnu11;
				GCC_DYNAMIC_NO_PIC = NO;
				GCC_NO_COMMON_BLOCKS = YES;
				GCC_OPTIMIZATION_LEVEL = 0;
				GCC_PREPROCESSOR_DEFINITIONS = (
					"DEBUG=1",
					"$(inherited)",
				);
				GCC_WARN_64_TO_32_BIT_CONVERSION = YES;
				GCC_WARN_ABOUT_RETURN_TYPE = YES_ERROR;
				GCC_WARN_UNDECLARED_SELECTOR = YES;
				GCC_WARN_UNINITIALIZED_AUTOS = YES_AGGRESSIVE;
				GCC_WARN_UNUSED_FUNCTION = YES;
				GCC_WARN_UNUSED_VARIABLE = YES;
				IPHONEOS_DEPLOYMENT_TARGET = 14.5;
				MTL_ENABLE_DEBUG_INFO = INCLUDE_SOURCE;
				MTL_FAST_MATH = YES;
				ONLY_ACTIVE_ARCH = YES;
				SDKROOT = iphoneos;
				SWIFT_ACTIVE_COMPILATION_CONDITIONS = DEBUG;
				SWIFT_OPTIMIZATION_LEVEL = "-Onone";
			};
			name = Debug;
		};
		924CC6A2263F0D9200BC320A /* Release */ = {
			isa = XCBuildConfiguration;
			buildSettings = {
				ALWAYS_SEARCH_USER_PATHS = NO;
				CLANG_ANALYZER_NONNULL = YES;
				CLANG_ANALYZER_NUMBER_OBJECT_CONVERSION = YES_AGGRESSIVE;
				CLANG_CXX_LANGUAGE_STANDARD = "gnu++14";
				CLANG_CXX_LIBRARY = "libc++";
				CLANG_ENABLE_MODULES = YES;
				CLANG_ENABLE_OBJC_ARC = YES;
				CLANG_ENABLE_OBJC_WEAK = YES;
				CLANG_WARN_BLOCK_CAPTURE_AUTORELEASING = YES;
				CLANG_WARN_BOOL_CONVERSION = YES;
				CLANG_WARN_COMMA = YES;
				CLANG_WARN_CONSTANT_CONVERSION = YES;
				CLANG_WARN_DEPRECATED_OBJC_IMPLEMENTATIONS = YES;
				CLANG_WARN_DIRECT_OBJC_ISA_USAGE = YES_ERROR;
				CLANG_WARN_DOCUMENTATION_COMMENTS = YES;
				CLANG_WARN_EMPTY_BODY = YES;
				CLANG_WARN_ENUM_CONVERSION = YES;
				CLANG_WARN_INFINITE_RECURSION = YES;
				CLANG_WARN_INT_CONVERSION = YES;
				CLANG_WARN_NON_LITERAL_NULL_CONVERSION = YES;
				CLANG_WARN_OBJC_IMPLICIT_RETAIN_SELF = YES;
				CLANG_WARN_OBJC_LITERAL_CONVERSION = YES;
				CLANG_WARN_OBJC_ROOT_CLASS = YES_ERROR;
				CLANG_WARN_QUOTED_INCLUDE_IN_FRAMEWORK_HEADER = YES;
				CLANG_WARN_RANGE_LOOP_ANALYSIS = YES;
				CLANG_WARN_STRICT_PROTOTYPES = YES;
				CLANG_WARN_SUSPICIOUS_MOVE = YES;
				CLANG_WARN_UNGUARDED_AVAILABILITY = YES_AGGRESSIVE;
				CLANG_WARN_UNREACHABLE_CODE = YES;
				CLANG_WARN__DUPLICATE_METHOD_MATCH = YES;
				COPY_PHASE_STRIP = NO;
				DEBUG_INFORMATION_FORMAT = "dwarf-with-dsym";
				ENABLE_NS_ASSERTIONS = NO;
				ENABLE_STRICT_OBJC_MSGSEND = YES;
				GCC_C_LANGUAGE_STANDARD = gnu11;
				GCC_NO_COMMON_BLOCKS = YES;
				GCC_WARN_64_TO_32_BIT_CONVERSION = YES;
				GCC_WARN_ABOUT_RETURN_TYPE = YES_ERROR;
				GCC_WARN_UNDECLARED_SELECTOR = YES;
				GCC_WARN_UNINITIALIZED_AUTOS = YES_AGGRESSIVE;
				GCC_WARN_UNUSED_FUNCTION = YES;
				GCC_WARN_UNUSED_VARIABLE = YES;
				IPHONEOS_DEPLOYMENT_TARGET = 14.5;
				MTL_ENABLE_DEBUG_INFO = NO;
				MTL_FAST_MATH = YES;
				SDKROOT = iphoneos;
				SWIFT_COMPILATION_MODE = wholemodule;
				SWIFT_OPTIMIZATION_LEVEL = "-O";
				VALIDATE_PRODUCT = YES;
			};
			name = Release;
		};
		924CC6A4263F0D9200BC320A /* Debug */ = {
			isa = XCBuildConfiguration;
			baseConfigurationReference = 76828EE04634DD64A7EBB6C9 /* Pods-DoroffM_FinalProject.debug.xcconfig */;
			buildSettings = {
				ASSETCATALOG_COMPILER_APPICON_NAME = AppIcon;
				ASSETCATALOG_COMPILER_GLOBAL_ACCENT_COLOR_NAME = AccentColor;
				CODE_SIGN_STYLE = Automatic;
				DEVELOPMENT_TEAM = 2E3GYECC25;
				INFOPLIST_FILE = DoroffM_FinalProject/Info.plist;
				LD_RUNPATH_SEARCH_PATHS = (
					"$(inherited)",
					"@executable_path/Frameworks",
				);
				PRODUCT_BUNDLE_IDENTIFIER = "md.DoroffM-FinalProject";
				PRODUCT_NAME = "$(TARGET_NAME)";
				SWIFT_VERSION = 5.0;
				TARGETED_DEVICE_FAMILY = "1,2";
			};
			name = Debug;
		};
		924CC6A5263F0D9200BC320A /* Release */ = {
			isa = XCBuildConfiguration;
			baseConfigurationReference = 5F7ADABD589ACEDCA13A36BC /* Pods-DoroffM_FinalProject.release.xcconfig */;
			buildSettings = {
				ASSETCATALOG_COMPILER_APPICON_NAME = AppIcon;
				ASSETCATALOG_COMPILER_GLOBAL_ACCENT_COLOR_NAME = AccentColor;
				CODE_SIGN_STYLE = Automatic;
				DEVELOPMENT_TEAM = 2E3GYECC25;
				INFOPLIST_FILE = DoroffM_FinalProject/Info.plist;
				LD_RUNPATH_SEARCH_PATHS = (
					"$(inherited)",
					"@executable_path/Frameworks",
				);
				PRODUCT_BUNDLE_IDENTIFIER = "md.DoroffM-FinalProject";
				PRODUCT_NAME = "$(TARGET_NAME)";
				SWIFT_VERSION = 5.0;
				TARGETED_DEVICE_FAMILY = "1,2";
			};
			name = Release;
		};
/* End XCBuildConfiguration section */

/* Begin XCConfigurationList section */
		924CC68A263F0D8B00BC320A /* Build configuration list for PBXProject "DoroffM_FinalProject" */ = {
			isa = XCConfigurationList;
			buildConfigurations = (
				924CC6A1263F0D9200BC320A /* Debug */,
				924CC6A2263F0D9200BC320A /* Release */,
			);
			defaultConfigurationIsVisible = 0;
			defaultConfigurationName = Release;
		};
		924CC6A3263F0D9200BC320A /* Build configuration list for PBXNativeTarget "DoroffM_FinalProject" */ = {
			isa = XCConfigurationList;
			buildConfigurations = (
				924CC6A4263F0D9200BC320A /* Debug */,
				924CC6A5263F0D9200BC320A /* Release */,
			);
			defaultConfigurationIsVisible = 0;
			defaultConfigurationName = Release;
		};
/* End XCConfigurationList section */

/* Begin XCRemoteSwiftPackageReference section */
		9214C3BE265D9C2F00BD033C /* XCRemoteSwiftPackageReference "JGProgressHUD" */ = {
			isa = XCRemoteSwiftPackageReference;
			repositoryURL = "https://github.com/JonasGessner/JGProgressHUD";
			requirement = {
				kind = upToNextMajorVersion;
				minimumVersion = 2.2.0;
			};
		};
		925BAD2F265B045F0088D898 /* XCRemoteSwiftPackageReference "LBTATools" */ = {
			isa = XCRemoteSwiftPackageReference;
			repositoryURL = "https://github.com/bhlvoong/LBTATools";
			requirement = {
				kind = upToNextMajorVersion;
				minimumVersion = 1.0.17;
			};
		};
/* End XCRemoteSwiftPackageReference section */

/* Begin XCSwiftPackageProductDependency section */
		9214C3BF265D9C2F00BD033C /* JGProgressHUD */ = {
			isa = XCSwiftPackageProductDependency;
			package = 9214C3BE265D9C2F00BD033C /* XCRemoteSwiftPackageReference "JGProgressHUD" */;
			productName = JGProgressHUD;
		};
		925BAD30265B045F0088D898 /* LBTATools */ = {
			isa = XCSwiftPackageProductDependency;
			package = 925BAD2F265B045F0088D898 /* XCRemoteSwiftPackageReference "LBTATools" */;
			productName = LBTATools;
		};
/* End XCSwiftPackageProductDependency section */
	};
	rootObject = 924CC687263F0D8B00BC320A /* Project object */;
}
